
Microsoft Visual Studio Solution File, Format Version 12.00
# Visual Studio Version 17
VisualStudioVersion = 17.8.34309.116
MinimumVisualStudioVersion = 10.0.40219.1
Project("{9A19103F-16F7-4668-BE54-9A1E7A4F7556}") = "API", "API\API.csproj", "{237FB319-5CF5-4C9F-A79F-679A0830BC17}"
EndProject
Project("{00D1A9C2-B5F0-4AF3-8072-F6C62B433612}") = "SQL", "SQL\SQL.sqlproj", "{951DF0D7-EE73-4F9B-89C0-9CB20C020D34}"
EndProject
Project("{9A19103F-16F7-4668-BE54-9A1E7A4F7556}") = "EF", "EF\EF.csproj", "{AE2994FB-11AC-4AEE-A946-3670B4EF1983}"
EndProject
Project("{9A19103F-16F7-4668-BE54-9A1E7A4F7556}") = "Core", "Core\Core.csproj", "{BCCE2136-1438-4EAA-89F7-752377113181}"
EndProject
Project("{9A19103F-16F7-4668-BE54-9A1E7A4F7556}") = "UI", "UI\UI.csproj", "{3ED11710-8B10-47F4-B567-C22306414F50}"
EndProject
Project("{FAE04EC0-301F-11D3-BF4B-00C04F79EFBC}") = "Shared", "Shared\Shared.csproj", "{457E7D26-A41C-4A9D-9935-9C9279A58B7F}"
EndProject
Global
	GlobalSection(SolutionConfigurationPlatforms) = preSolution
		Debug|Any CPU = Debug|Any CPU
		Release|Any CPU = Release|Any CPU
	EndGlobalSection
	GlobalSection(ProjectConfigurationPlatforms) = postSolution
		{237FB319-5CF5-4C9F-A79F-679A0830BC17}.Debug|Any CPU.ActiveCfg = Debug|Any CPU
		{237FB319-5CF5-4C9F-A79F-679A0830BC17}.Debug|Any CPU.Build.0 = Debug|Any CPU
		{237FB319-5CF5-4C9F-A79F-679A0830BC17}.Release|Any CPU.ActiveCfg = Release|Any CPU
		{237FB319-5CF5-4C9F-A79F-679A0830BC17}.Release|Any CPU.Build.0 = Release|Any CPU
		{951DF0D7-EE73-4F9B-89C0-9CB20C020D34}.Debug|Any CPU.ActiveCfg = Debug|Any CPU
		{951DF0D7-EE73-4F9B-89C0-9CB20C020D34}.Debug|Any CPU.Build.0 = Debug|Any CPU
		{951DF0D7-EE73-4F9B-89C0-9CB20C020D34}.Debug|Any CPU.Deploy.0 = Debug|Any CPU
		{951DF0D7-EE73-4F9B-89C0-9CB20C020D34}.Release|Any CPU.ActiveCfg = Release|Any CPU
		{951DF0D7-EE73-4F9B-89C0-9CB20C020D34}.Release|Any CPU.Build.0 = Release|Any CPU
		{951DF0D7-EE73-4F9B-89C0-9CB20C020D34}.Release|Any CPU.Deploy.0 = Release|Any CPU
		{AE2994FB-11AC-4AEE-A946-3670B4EF1983}.Debug|Any CPU.ActiveCfg = Debug|Any CPU
		{AE2994FB-11AC-4AEE-A946-3670B4EF1983}.Debug|Any CPU.Build.0 = Debug|Any CPU
		{AE2994FB-11AC-4AEE-A946-3670B4EF1983}.Release|Any CPU.ActiveCfg = Release|Any CPU
		{AE2994FB-11AC-4AEE-A946-3670B4EF1983}.Release|Any CPU.Build.0 = Release|Any CPU
		{BCCE2136-1438-4EAA-89F7-752377113181}.Debug|Any CPU.ActiveCfg = Debug|Any CPU
		{BCCE2136-1438-4EAA-89F7-752377113181}.Debug|Any CPU.Build.0 = Debug|Any CPU
		{BCCE2136-1438-4EAA-89F7-752377113181}.Release|Any CPU.ActiveCfg = Release|Any CPU
		{BCCE2136-1438-4EAA-89F7-752377113181}.Release|Any CPU.Build.0 = Release|Any CPU
		{3ED11710-8B10-47F4-B567-C22306414F50}.Debug|Any CPU.ActiveCfg = Debug|Any CPU
		{3ED11710-8B10-47F4-B567-C22306414F50}.Debug|Any CPU.Build.0 = Debug|Any CPU
		{3ED11710-8B10-47F4-B567-C22306414F50}.Release|Any CPU.ActiveCfg = Release|Any CPU
		{3ED11710-8B10-47F4-B567-C22306414F50}.Release|Any CPU.Build.0 = Release|Any CPU
		{457E7D26-A41C-4A9D-9935-9C9279A58B7F}.Debug|Any CPU.ActiveCfg = Debug|Any CPU
		{457E7D26-A41C-4A9D-9935-9C9279A58B7F}.Debug|Any CPU.Build.0 = Debug|Any CPU
		{457E7D26-A41C-4A9D-9935-9C9279A58B7F}.Release|Any CPU.ActiveCfg = Release|Any CPU
		{457E7D26-A41C-4A9D-9935-9C9279A58B7F}.Release|Any CPU.Build.0 = Release|Any CPU
	EndGlobalSection
	GlobalSection(SolutionProperties) = preSolution
		HideSolutionNode = FALSE
	EndGlobalSection
	GlobalSection(ExtensibilityGlobals) = postSolution
		SolutionGuid = {F7B785D1-4B0E-4FB7-AC7F-EAD73C2BED72}
	EndGlobalSection
EndGlobal
